
Microsoft Visual Studio Solution File, Format Version 12.00
# Visual Studio Version 17
VisualStudioVersion = 17.5.002.0
MinimumVisualStudioVersion = 10.0.40219.1
Project("{9A19103F-16F7-4668-BE54-9A1E7A4F7556}") = "TriangleNET8", "TriangleNET8.csproj", "{E7804152-518E-42D9-BDE3-26E54475BFE6}"
EndProject
Global
	GlobalSection(SolutionConfigurationPlatforms) = preSolution
		Debug|Any CPU = Debug|Any CPU
		Release|Any CPU = Release|Any CPU
	EndGlobalSection
	GlobalSection(ProjectConfigurationPlatforms) = postSolution
		{E7804152-518E-42D9-BDE3-26E54475BFE6}.Debug|Any CPU.ActiveCfg = Debug|Any CPU
		{E7804152-518E-42D9-BDE3-26E54475BFE6}.Debug|Any CPU.Build.0 = Debug|Any CPU
		{E7804152-518E-42D9-BDE3-26E54475BFE6}.Release|Any CPU.ActiveCfg = Release|Any CPU
		{E7804152-518E-42D9-BDE3-26E54475BFE6}.Release|Any CPU.Build.0 = Release|Any CPU
	EndGlobalSection
	GlobalSection(SolutionProperties) = preSolution
		HideSolutionNode = FALSE
	EndGlobalSection
	GlobalSection(ExtensibilityGlobals) = postSolution
		SolutionGuid = {B0CFED1B-A981-4E0A-8B3F-F7A42240892D}
	EndGlobalSection
EndGlobal
